
Microsoft Visual Studio Solution File, Format Version 12.00
Project("{FAE04EC0-301F-11D3-BF4B-00C04F79EFBC}") = "Services", "Services\Services.csproj", "{F4478628-455D-45F6-BFD7-91F55335F2A0}"
EndProject
Project("{FAE04EC0-301F-11D3-BF4B-00C04F79EFBC}") = "Web", "Web\Web.csproj", "{9D6664E0-3133-46CA-980B-89EB97E37CFB}"
EndProject
Project("{FAE04EC0-301F-11D3-BF4B-00C04F79EFBC}") = "Models", "Models\Models.csproj", "{AE7FA68D-1A8A-4F25-92B1-6175B0C4252E}"
EndProject
Project("{FAE04EC0-301F-11D3-BF4B-00C04F79EFBC}") = "ViewModels", "ViewModels\ViewModels.csproj", "{B796E251-526A-42E3-BC2E-51EAF81C7966}"
EndProject
Project("{FAE04EC0-301F-11D3-BF4B-00C04F79EFBC}") = "Contexts", "Contexts\Contexts.csproj", "{1896680D-0659-4F87-AC93-BE84E8956630}"
EndProject
Project("{FAE04EC0-301F-11D3-BF4B-00C04F79EFBC}") = "Tools", "Tools\Tools.csproj", "{791A1FFD-8042-4D78-B5DE-4074696E2623}"
EndProject
Global
	GlobalSection(SolutionConfigurationPlatforms) = preSolution
		Debug|Any CPU = Debug|Any CPU
		Release|Any CPU = Release|Any CPU
	EndGlobalSection
	GlobalSection(ProjectConfigurationPlatforms) = postSolution
		{F4478628-455D-45F6-BFD7-91F55335F2A0}.Debug|Any CPU.ActiveCfg = Debug|Any CPU
		{F4478628-455D-45F6-BFD7-91F55335F2A0}.Debug|Any CPU.Build.0 = Debug|Any CPU
		{F4478628-455D-45F6-BFD7-91F55335F2A0}.Release|Any CPU.ActiveCfg = Release|Any CPU
		{F4478628-455D-45F6-BFD7-91F55335F2A0}.Release|Any CPU.Build.0 = Release|Any CPU
		{9D6664E0-3133-46CA-980B-89EB97E37CFB}.Debug|Any CPU.ActiveCfg = Debug|Any CPU
		{9D6664E0-3133-46CA-980B-89EB97E37CFB}.Debug|Any CPU.Build.0 = Debug|Any CPU
		{9D6664E0-3133-46CA-980B-89EB97E37CFB}.Release|Any CPU.ActiveCfg = Release|Any CPU
		{9D6664E0-3133-46CA-980B-89EB97E37CFB}.Release|Any CPU.Build.0 = Release|Any CPU
		{AE7FA68D-1A8A-4F25-92B1-6175B0C4252E}.Debug|Any CPU.ActiveCfg = Debug|Any CPU
		{AE7FA68D-1A8A-4F25-92B1-6175B0C4252E}.Debug|Any CPU.Build.0 = Debug|Any CPU
		{AE7FA68D-1A8A-4F25-92B1-6175B0C4252E}.Release|Any CPU.ActiveCfg = Release|Any CPU
		{AE7FA68D-1A8A-4F25-92B1-6175B0C4252E}.Release|Any CPU.Build.0 = Release|Any CPU
		{B796E251-526A-42E3-BC2E-51EAF81C7966}.Debug|Any CPU.ActiveCfg = Debug|Any CPU
		{B796E251-526A-42E3-BC2E-51EAF81C7966}.Debug|Any CPU.Build.0 = Debug|Any CPU
		{B796E251-526A-42E3-BC2E-51EAF81C7966}.Release|Any CPU.ActiveCfg = Release|Any CPU
		{B796E251-526A-42E3-BC2E-51EAF81C7966}.Release|Any CPU.Build.0 = Release|Any CPU
		{1896680D-0659-4F87-AC93-BE84E8956630}.Debug|Any CPU.ActiveCfg = Debug|Any CPU
		{1896680D-0659-4F87-AC93-BE84E8956630}.Debug|Any CPU.Build.0 = Debug|Any CPU
		{1896680D-0659-4F87-AC93-BE84E8956630}.Release|Any CPU.ActiveCfg = Release|Any CPU
		{1896680D-0659-4F87-AC93-BE84E8956630}.Release|Any CPU.Build.0 = Release|Any CPU
		{791A1FFD-8042-4D78-B5DE-4074696E2623}.Debug|Any CPU.ActiveCfg = Debug|Any CPU
		{791A1FFD-8042-4D78-B5DE-4074696E2623}.Debug|Any CPU.Build.0 = Debug|Any CPU
		{791A1FFD-8042-4D78-B5DE-4074696E2623}.Release|Any CPU.ActiveCfg = Release|Any CPU
		{791A1FFD-8042-4D78-B5DE-4074696E2623}.Release|Any CPU.Build.0 = Release|Any CPU
	EndGlobalSection
EndGlobal
